
Microsoft Visual Studio Solution File, Format Version 12.00
# Visual Studio Version 17
VisualStudioVersion = 17.13.35818.85 d17.13
MinimumVisualStudioVersion = 10.0.40219.1
Project("{FAE04EC0-301F-11D3-BF4B-00C04F79EFBC}") = "DiplomaTests", "DiplomaTests\DiplomaTests.csproj", "{7F3129E5-8135-4A25-8D52-83AC9ED9248A}"
EndProject
Global
	GlobalSection(SolutionConfigurationPlatforms) = preSolution
		Debug|Any CPU = Debug|Any CPU
		Release|Any CPU = Release|Any CPU
	EndGlobalSection
	GlobalSection(ProjectConfigurationPlatforms) = postSolution
		{7F3129E5-8135-4A25-8D52-83AC9ED9248A}.Debug|Any CPU.ActiveCfg = Debug|Any CPU
		{7F3129E5-8135-4A25-8D52-83AC9ED9248A}.Debug|Any CPU.Build.0 = Debug|Any CPU
		{7F3129E5-8135-4A25-8D52-83AC9ED9248A}.Release|Any CPU.ActiveCfg = Release|Any CPU
		{7F3129E5-8135-4A25-8D52-83AC9ED9248A}.Release|Any CPU.Build.0 = Release|Any CPU
	EndGlobalSection
	GlobalSection(SolutionProperties) = preSolution
		HideSolutionNode = FALSE
	EndGlobalSection
	GlobalSection(ExtensibilityGlobals) = postSolution
		SolutionGuid = {5698D682-47C2-43AA-9B7A-E1D90A4EBD26}
	EndGlobalSection
EndGlobal
